uuid: 96763e80-945f-4879-9478-fd922e9da9d1
langcode: en
status: true
dependencies:
  config:
    - block_content.type.basic
    - field.storage.block_content.field_content_in_a_block
id: block_content.basic.field_content_in_a_block
field_name: field_content_in_a_block
entity_type: block_content
bundle: basic
label: 'Content in a block'
description: ''
required: false
translatable: false
default_value: {  }
default_value_callback: ''
settings:
  handler: 'default:node'
  handler_settings: {  }
field_type: entity_reference
